
Microsoft Visual Studio Solution File, Format Version 12.00
# Visual Studio Version 17
VisualStudioVersion = 17.9.34723.18
MinimumVisualStudioVersion = 10.0.40219.1
Project("{FAE04EC0-301F-11D3-BF4B-00C04F79EFBC}") = "PrimerParcial1C", "PrimerParcial1C\PrimerParcial1C.csproj", "{65AEF663-5DA4-442A-ADAD-8CCD1D9E827B}"
EndProject
Global
	GlobalSection(SolutionConfigurationPlatforms) = preSolution
		Debug|Any CPU = Debug|Any CPU
		Release|Any CPU = Release|Any CPU
	EndGlobalSection
	GlobalSection(ProjectConfigurationPlatforms) = postSolution
		{65AEF663-5DA4-442A-ADAD-8CCD1D9E827B}.Debug|Any CPU.ActiveCfg = Debug|Any CPU
		{65AEF663-5DA4-442A-ADAD-8CCD1D9E827B}.Debug|Any CPU.Build.0 = Debug|Any CPU
		{65AEF663-5DA4-442A-ADAD-8CCD1D9E827B}.Release|Any CPU.ActiveCfg = Release|Any CPU
		{65AEF663-5DA4-442A-ADAD-8CCD1D9E827B}.Release|Any CPU.Build.0 = Release|Any CPU
	EndGlobalSection
	GlobalSection(SolutionProperties) = preSolution
		HideSolutionNode = FALSE
	EndGlobalSection
	GlobalSection(ExtensibilityGlobals) = postSolution
		SolutionGuid = {F4410666-BC86-4406-A55B-0D2E533C8983}
	EndGlobalSection
EndGlobal
